GEM
  remote: https://rubygems.org/
  specs:
    kramdown (2.5.2)
      rexml (>= 3.4.4)
    kramdown-parser-gfm (1.1.0)
      kramdown (~> 2.0)
    mustache (1.1.2)
    nokogiri (1.19.4-x86_64-linux-gnu)
      racc (~> 1.4)
    racc (1.8.1)
    rexml (3.4.4)
    ronn-ng (0.10.1)
      kramdown (~> 2, >= 2.1)
      kramdown-parser-gfm (~> 1, >= 1.0.1)
      mustache (~> 1)
      nokogiri (~> 1, >= 1.14.3)

PLATFORMS
  x86_64-linux

DEPENDENCIES
  ronn-ng (= 0.10.1)

BUNDLED WITH
   2.4.20
